
Microsoft Visual Studio Solution File, Format Version 12.00
# Visual Studio Version 16
VisualStudioVersion = 25.0.1706.5
MinimumVisualStudioVersion = 10.0.40219.1
Project("{FAE04EC0-301F-11D3-BF4B-00C04F79EFBC}") = "Xadrez-Console", "Xadrez-Console\Xadrez-Console.csproj", "{73A03CF3-F6D6-400F-B6A3-7BCB89DD35F4}"
EndProject
Global
	GlobalSection(SolutionConfigurationPlatforms) = preSolution
		Debug|Any CPU = Debug|Any CPU
		Release|Any CPU = Release|Any CPU
	EndGlobalSection
	GlobalSection(ProjectConfigurationPlatforms) = postSolution
		{73A03CF3-F6D6-400F-B6A3-7BCB89DD35F4}.Debug|Any CPU.ActiveCfg = Debug|Any CPU
		{73A03CF3-F6D6-400F-B6A3-7BCB89DD35F4}.Debug|Any CPU.Build.0 = Debug|Any CPU
		{73A03CF3-F6D6-400F-B6A3-7BCB89DD35F4}.Release|Any CPU.ActiveCfg = Release|Any CPU
		{73A03CF3-F6D6-400F-B6A3-7BCB89DD35F4}.Release|Any CPU.Build.0 = Release|Any CPU
	EndGlobalSection
	GlobalSection(SolutionProperties) = preSolution
		HideSolutionNode = FALSE
	EndGlobalSection
	GlobalSection(ExtensibilityGlobals) = postSolution
		SolutionGuid = {06CFA382-B97D-4AFA-B2A5-64BFC487F265}
	EndGlobalSection
EndGlobal
